// !$*UTF8*$!
{
	archiveVersion = 1;
	classes = {
	};
	objectVersion = 54;
	objects = {

/* Begin PBXBuildFile section */
		058557BB273AAA24004C7B11 /* Assets.xcassets in Resources */ = {isa = PBXBuildFile; fileRef = 058557BA273AAA24004C7B11 /* Assets.xcassets */; };
		058557D9273AAEEB004C7B11 /* Preview Assets.xcassets in Resources */ = {isa = PBXBuildFile; fileRef = 058557D8273AAEEB004C7B11 /* Preview Assets.xcassets */; };
		2152FB042600AC8F00CF470E /* iOSApp.swift in Sources */ = {isa = PBXBuildFile; fileRef = 2152FB032600AC8F00CF470E /* iOSApp.swift */; };
		4C4F28DC2C198119005B23A7 /* DefaultColors.swift in Sources */ = {isa = PBXBuildFile; fileRef = 4C4F28DB2C198118005B23A7 /* DefaultColors.swift */; };
		4C54826A2B7CC278005F9C96 /* SplashScreen.storyboard in Resources */ = {isa = PBXBuildFile; fileRef = 4C5482692B7CC278005F9C96 /* SplashScreen.storyboard */; };
		4C76217D2B8F260800023C0A /* DetailPage in Frameworks */ = {isa = PBXBuildFile; productRef = 4C76217C2B8F260800023C0A /* DetailPage */; };
		4C76217F2B8F260800023C0A /* Image Caching in Frameworks */ = {isa = PBXBuildFile; productRef = 4C76217E2B8F260800023C0A /* Image Caching */; };
		4C7621812B8F260800023C0A /* SearchableList in Frameworks */ = {isa = PBXBuildFile; productRef = 4C7621802B8F260800023C0A /* SearchableList */; };
		4C7621832B8F260800023C0A /* UiComponents in Frameworks */ = {isa = PBXBuildFile; productRef = 4C7621822B8F260800023C0A /* UiComponents */; };
		4C9902332B459C5800F70B15 /* GoogleService-Info.plist in Resources */ = {isa = PBXBuildFile; fileRef = 4C9902322B459C5800F70B15 /* GoogleService-Info.plist */; };
		4CB16EBE2B9A06FC007805FC /* App Store Features in Frameworks */ = {isa = PBXBuildFile; productRef = 4CB16EBD2B9A06FC007805FC /* App Store Features */; };
		4CB16EC02B9A06FC007805FC /* Connectivity Utils in Frameworks */ = {isa = PBXBuildFile; productRef = 4CB16EBF2B9A06FC007805FC /* Connectivity Utils */; };
		4CB16EC22B9A06FC007805FC /* ios-project-startup in Frameworks */ = {isa = PBXBuildFile; productRef = 4CB16EC12B9A06FC007805FC /* ios-project-startup */; };
		4CC4AC3E2B988DAD00D692D0 /* App Store Features in Frameworks */ = {isa = PBXBuildFile; productRef = 4CC4AC3D2B988DAD00D692D0 /* App Store Features */; };
		4CC4AC402B988DAD00D692D0 /* Connectivity Utils in Frameworks */ = {isa = PBXBuildFile; productRef = 4CC4AC3F2B988DAD00D692D0 /* Connectivity Utils */; };
		4CF226D02ACAD9180044F623 /* ActionButtons.swift in Sources */ = {isa = PBXBuildFile; fileRef = 4CF226CF2ACAD9180044F623 /* ActionButtons.swift */; };
		4CF226E62ACAEA200044F623 /* HomePage.swift in Sources */ = {isa = PBXBuildFile; fileRef = 4CF226DB2ACAEA200044F623 /* HomePage.swift */; };
		4CF226E92ACAEA200044F623 /* AnotherPage.swift in Sources */ = {isa = PBXBuildFile; fileRef = 4CF226DE2ACAEA200044F623 /* AnotherPage.swift */; };
		4CF226EA2ACAEA200044F623 /* HomePage.storyboard in Resources */ = {isa = PBXBuildFile; fileRef = 4CF226DF2ACAEA200044F623 /* HomePage.storyboard */; };
		4CF226ED2ACAEA200044F623 /* HomePageTabBarController.swift in Sources */ = {isa = PBXBuildFile; fileRef = 4CF226E32ACAEA200044F623 /* HomePageTabBarController.swift */; };
		4CF226EE2ACAEA200044F623 /* TabView.swift in Sources */ = {isa = PBXBuildFile; fileRef = 4CF226E52ACAEA200044F623 /* TabView.swift */; };
		4CF226F02ACB17860044F623 /* NavigateTo.swift in Sources */ = {isa = PBXBuildFile; fileRef = 4CF226EF2ACB17860044F623 /* NavigateTo.swift */; };
		7555FF83242A565900829871 /* ContentView.swift in Sources */ = {isa = PBXBuildFile; fileRef = 7555FF82242A565900829871 /* ContentView.swift */; };
		AF1CAA21AFB12C3A25DC7EEC /* Pods_iosApp.framework in Frameworks */ = {isa = PBXBuildFile; fileRef = A39EA41D65AE59C3B72E95D6 /* Pods_iosApp.framework */; };
		B3280CCF2A1B715200D4540A /* NavigationPages.swift in Sources */ = {isa = PBXBuildFile; fileRef = B3280CCE2A1B715200D4540A /* NavigationPages.swift */; };
		B3280CD12A1B715F00D4540A /* NavigationViewModel.swift in Sources */ = {isa = PBXBuildFile; fileRef = B3280CD02A1B715F00D4540A /* NavigationViewModel.swift */; };
		B3665DC929CA08990014CEF8 /* Resolver in Frameworks */ = {isa = PBXBuildFile; productRef = B3665DC829CA08990014CEF8 /* Resolver */; };
		B37D14C329C9E6A600BA4E39 /* AuthenticationViewModel.swift in Sources */ = {isa = PBXBuildFile; fileRef = B37D14C229C9E6A600BA4E39 /* AuthenticationViewModel.swift */; };
		B37D14C529C9E78800BA4E39 /* AuthenticationView.swift in Sources */ = {isa = PBXBuildFile; fileRef = B37D14C429C9E78800BA4E39 /* AuthenticationView.swift */; };
		B37D14D129C9EF1800BA4E39 /* Resolver.swift in Sources */ = {isa = PBXBuildFile; fileRef = B37D14D029C9EF1800BA4E39 /* Resolver.swift */; };
		B3E86FC52A1B7A4E00E65E9F /* DeepLinkingViewModel.swift in Sources */ = {isa = PBXBuildFile; fileRef = B3E86FC42A1B7A4E00E65E9F /* DeepLinkingViewModel.swift */; };
		B3EB523E2A16797A0008144D /* ibmplexmono_regular.ttf in Resources */ = {isa = PBXBuildFile; fileRef = B3EB523D2A16797A0008144D /* ibmplexmono_regular.ttf */; };
		B5183E2429F006BB0097363D /* OnBoardingCarousel.swift in Sources */ = {isa = PBXBuildFile; fileRef = B5183E2329F006BB0097363D /* OnBoardingCarousel.swift */; };
		B5183E2C29F00A470097363D /* OnBoarding.swift in Sources */ = {isa = PBXBuildFile; fileRef = B5183E2B29F00A470097363D /* OnBoarding.swift */; };
		E68C57202A1647F100700000 /* FirebaseMessaging in Frameworks */ = {isa = PBXBuildFile; productRef = E68C571F2A1647F100700000 /* FirebaseMessaging */; };
		E6C4A9092A16557000E836F1 /* AppDelegate.swift in Sources */ = {isa = PBXBuildFile; fileRef = E6C4A9082A16557000E836F1 /* AppDelegate.swift */; };
/* End PBXBuildFile section */

/* Begin PBXFileReference section */
		058557BA273AAA24004C7B11 /* Assets.xcassets */ = {isa = PBXFileReference; lastKnownFileType = folder.assetcatalog; path = Assets.xcassets; sourceTree = "<group>"; };
		058557D8273AAEEB004C7B11 /* Preview Assets.xcassets */ = {isa = PBXFileReference; lastKnownFileType = folder.assetcatalog; path = "Preview Assets.xcassets"; sourceTree = "<group>"; };
		2152FB032600AC8F00CF470E /* iOSApp.swift */ = {isa = PBXFileReference; lastKnownFileType = sourcecode.swift; path = iOSApp.swift; sourceTree = "<group>"; };
		3B30F3472A407C2FDF9E352A /* Pods-iosApp.debug.xcconfig */ = {isa = PBXFileReference; includeInIndex = 1; lastKnownFileType = text.xcconfig; name = "Pods-iosApp.debug.xcconfig"; path = "Target Support Files/Pods-iosApp/Pods-iosApp.debug.xcconfig"; sourceTree = "<group>"; };
		4C4F28DB2C198118005B23A7 /* DefaultColors.swift */ = {isa = PBXFileReference; fileEncoding = 4; lastKnownFileType = sourcecode.swift; path = DefaultColors.swift; sourceTree = "<group>"; };
		4C5482692B7CC278005F9C96 /* SplashScreen.storyboard */ = {isa = PBXFileReference; fileEncoding = 4; lastKnownFileType = file.storyboard; path = SplashScreen.storyboard; sourceTree = "<group>"; };
		4C9902322B459C5800F70B15 /* GoogleService-Info.plist */ = {isa = PBXFileReference; fileEncoding = 4; lastKnownFileType = text.plist.xml; path = "GoogleService-Info.plist"; sourceTree = "<group>"; };
		4CF226CF2ACAD9180044F623 /* ActionButtons.swift */ = {isa = PBXFileReference; lastKnownFileType = sourcecode.swift; path = ActionButtons.swift; sourceTree = "<group>"; };
		4CF226DB2ACAEA200044F623 /* HomePage.swift */ = {isa = PBXFileReference; fileEncoding = 4; lastKnownFileType = sourcecode.swift; path = HomePage.swift; sourceTree = "<group>"; };
		4CF226DE2ACAEA200044F623 /* AnotherPage.swift */ = {isa = PBXFileReference; fileEncoding = 4; lastKnownFileType = sourcecode.swift; path = AnotherPage.swift; sourceTree = "<group>"; };
		4CF226DF2ACAEA200044F623 /* HomePage.storyboard */ = {isa = PBXFileReference; fileEncoding = 4; lastKnownFileType = file.storyboard; path = HomePage.storyboard; sourceTree = "<group>"; };
		4CF226E32ACAEA200044F623 /* HomePageTabBarController.swift */ = {isa = PBXFileReference; fileEncoding = 4; lastKnownFileType = sourcecode.swift; path = HomePageTabBarController.swift; sourceTree = "<group>"; };
		4CF226E52ACAEA200044F623 /* TabView.swift */ = {isa = PBXFileReference; fileEncoding = 4; lastKnownFileType = sourcecode.swift; path = TabView.swift; sourceTree = "<group>"; };
		4CF226EF2ACB17860044F623 /* NavigateTo.swift */ = {isa = PBXFileReference; lastKnownFileType = sourcecode.swift; path = NavigateTo.swift; sourceTree = "<group>"; };
		7555FF7B242A565900829871 /* Convenire.app */ = {isa = PBXFileReference; explicitFileType = wrapper.application; includeInIndex = 0; path = Convenire.app; sourceTree = BUILT_PRODUCTS_DIR; };
		7555FF82242A565900829871 /* ContentView.swift */ = {isa = PBXFileReference; lastKnownFileType = sourcecode.swift; path = ContentView.swift; sourceTree = "<group>"; };
		7555FF8C242A565B00829871 /* Info.plist */ = {isa = PBXFileReference; lastKnownFileType = text.plist.xml; path = Info.plist; sourceTree = "<group>"; };
		991E06386507F475A6174EF6 /* Pods-iosApp.release.xcconfig */ = {isa = PBXFileReference; includeInIndex = 1; lastKnownFileType = text.xcconfig; name = "Pods-iosApp.release.xcconfig"; path = "Target Support Files/Pods-iosApp/Pods-iosApp.release.xcconfig"; sourceTree = "<group>"; };
		A39EA41D65AE59C3B72E95D6 /* Pods_iosApp.framework */ = {isa = PBXFileReference; explicitFileType = wrapper.framework; includeInIndex = 0; path = Pods_iosApp.framework; sourceTree = BUILT_PRODUCTS_DIR; };
		B3280CCE2A1B715200D4540A /* NavigationPages.swift */ = {isa = PBXFileReference; lastKnownFileType = sourcecode.swift; path = NavigationPages.swift; sourceTree = "<group>"; };
		B3280CD02A1B715F00D4540A /* NavigationViewModel.swift */ = {isa = PBXFileReference; lastKnownFileType = sourcecode.swift; path = NavigationViewModel.swift; sourceTree = "<group>"; };
		B34639E12A18014200C97F5D /* iosApp.entitlements */ = {isa = PBXFileReference; lastKnownFileType = text.plist.entitlements; path = iosApp.entitlements; sourceTree = "<group>"; };
		B37D14C229C9E6A600BA4E39 /* AuthenticationViewModel.swift */ = {isa = PBXFileReference; lastKnownFileType = sourcecode.swift; path = AuthenticationViewModel.swift; sourceTree = "<group>"; };
		B37D14C429C9E78800BA4E39 /* AuthenticationView.swift */ = {isa = PBXFileReference; lastKnownFileType = sourcecode.swift; path = AuthenticationView.swift; sourceTree = "<group>"; };
		B37D14D029C9EF1800BA4E39 /* Resolver.swift */ = {isa = PBXFileReference; lastKnownFileType = sourcecode.swift; path = Resolver.swift; sourceTree = "<group>"; };
		B3E86FC42A1B7A4E00E65E9F /* DeepLinkingViewModel.swift */ = {isa = PBXFileReference; lastKnownFileType = sourcecode.swift; path = DeepLinkingViewModel.swift; sourceTree = "<group>"; };
		B3EB523D2A16797A0008144D /* ibmplexmono_regular.ttf */ = {isa = PBXFileReference; lastKnownFileType = file; path = ibmplexmono_regular.ttf; sourceTree = "<group>"; };
		B5183E2329F006BB0097363D /* OnBoardingCarousel.swift */ = {isa = PBXFileReference; lastKnownFileType = sourcecode.swift; path = OnBoardingCarousel.swift; sourceTree = "<group>"; };
		B5183E2B29F00A470097363D /* OnBoarding.swift */ = {isa = PBXFileReference; lastKnownFileType = sourcecode.swift; path = OnBoarding.swift; sourceTree = "<group>"; };
		E6C4A9082A16557000E836F1 /* AppDelegate.swift */ = {isa = PBXFileReference; lastKnownFileType = sourcecode.swift; path = AppDelegate.swift; sourceTree = "<group>"; };
/* End PBXFileReference section */

/* Begin PBXFrameworksBuildPhase section */
		7555FF78242A565900829871 /* Frameworks */ = {
			isa = PBXFrameworksBuildPhase;
			buildActionMask = 2147483647;
			files = (
				E68C57202A1647F100700000 /* FirebaseMessaging in Frameworks */,
				4C76217F2B8F260800023C0A /* Image Caching in Frameworks */,
				4C7621832B8F260800023C0A /* UiComponents in Frameworks */,
				B3665DC929CA08990014CEF8 /* Resolver in Frameworks */,
				4CB16EC02B9A06FC007805FC /* Connectivity Utils in Frameworks */,
				4CC4AC402B988DAD00D692D0 /* Connectivity Utils in Frameworks */,
				4CB16EC22B9A06FC007805FC /* ios-project-startup in Frameworks */,
				4C76217D2B8F260800023C0A /* DetailPage in Frameworks */,
				4C7621812B8F260800023C0A /* SearchableList in Frameworks */,
				AF1CAA21AFB12C3A25DC7EEC /* Pods_iosApp.framework in Frameworks */,
				4CC4AC3E2B988DAD00D692D0 /* App Store Features in Frameworks */,
				4CB16EBE2B9A06FC007805FC /* App Store Features in Frameworks */,
			);
			runOnlyForDeploymentPostprocessing = 0;
		};
/* End PBXFrameworksBuildPhase section */

/* Begin PBXGroup section */
		058557D7273AAEEB004C7B11 /* Preview Content */ = {
			isa = PBXGroup;
			children = (
				058557D8273AAEEB004C7B11 /* Preview Assets.xcassets */,
			);
			path = "Preview Content";
			sourceTree = "<group>";
		};
		2BF14B3B92DE715708010641 /* Frameworks */ = {
			isa = PBXGroup;
			children = (
				A39EA41D65AE59C3B72E95D6 /* Pods_iosApp.framework */,
			);
			name = Frameworks;
			sourceTree = "<group>";
		};
		4CF226DA2ACAEA200044F623 /* Screens */ = {
			isa = PBXGroup;
			children = (
				4CF226DB2ACAEA200044F623 /* HomePage.swift */,
				4CF226DE2ACAEA200044F623 /* AnotherPage.swift */,
				4CF226DF2ACAEA200044F623 /* HomePage.storyboard */,
			);
			path = Screens;
			sourceTree = "<group>";
		};
		4CF226E22ACAEA200044F623 /* Controllers */ = {
			isa = PBXGroup;
			children = (
				4CF226E32ACAEA200044F623 /* HomePageTabBarController.swift */,
			);
			path = Controllers;
			sourceTree = "<group>";
		};
		4CF226E42ACAEA200044F623 /* Views */ = {
			isa = PBXGroup;
			children = (
				4CF226E52ACAEA200044F623 /* TabView.swift */,
			);
			path = Views;
			sourceTree = "<group>";
		};
		4CF2B21A2B5817DB00A1A646 /* Components */ = {
			isa = PBXGroup;
			children = (
				4CF226CF2ACAD9180044F623 /* ActionButtons.swift */,
			);
			path = Components;
			sourceTree = "<group>";
		};
		7555FF72242A565900829871 = {
			isa = PBXGroup;
			children = (
				7555FF7D242A565900829871 /* iosApp */,
				7555FF7C242A565900829871 /* Products */,
				D738931310F9E4C64175BB2A /* Pods */,
				2BF14B3B92DE715708010641 /* Frameworks */,
			);
			sourceTree = "<group>";
		};
		7555FF7C242A565900829871 /* Products */ = {
			isa = PBXGroup;
			children = (
				7555FF7B242A565900829871 /* Convenire.app */,
			);
			name = Products;
			sourceTree = "<group>";
		};
		7555FF7D242A565900829871 /* iosApp */ = {
			isa = PBXGroup;
			children = (
				B3280CCD2A1B713800D4540A /* Navigation */,
				B34639E12A18014200C97F5D /* iosApp.entitlements */,
				B3EB523B2A1676EB0008144D /* Fonts */,
				B37D14CF29C9EE8600BA4E39 /* DependencyInjection */,
				B37D14AE29C9DDDE00BA4E39 /* Utils */,
				B37D14BF29C9E68100BA4E39 /* Authentication */,
				B305B70229C9A70900C2FC17 /* TabView */,
				B3C259D529C89DEC000956A4 /* Onboarding */,
				7555FF82242A565900829871 /* ContentView.swift */,
				2152FB032600AC8F00CF470E /* iOSApp.swift */,
				E6C4A9082A16557000E836F1 /* AppDelegate.swift */,
				058557BA273AAA24004C7B11 /* Assets.xcassets */,
				4C9902322B459C5800F70B15 /* GoogleService-Info.plist */,
				7555FF8C242A565B00829871 /* Info.plist */,
				058557D7273AAEEB004C7B11 /* Preview Content */,
			);
			path = iosApp;
			sourceTree = "<group>";
		};
		B305B70229C9A70900C2FC17 /* TabView */ = {
			isa = PBXGroup;
			children = (
				4CF226DA2ACAEA200044F623 /* Screens */,
				4CF226E22ACAEA200044F623 /* Controllers */,
				4CF226E42ACAEA200044F623 /* Views */,
			);
			path = TabView;
			sourceTree = "<group>";
		};
		B3280CCD2A1B713800D4540A /* Navigation */ = {
			isa = PBXGroup;
			children = (
				B3280CCE2A1B715200D4540A /* NavigationPages.swift */,
				B3280CD02A1B715F00D4540A /* NavigationViewModel.swift */,
				B3E86FC42A1B7A4E00E65E9F /* DeepLinkingViewModel.swift */,
				4CF226EF2ACB17860044F623 /* NavigateTo.swift */,
			);
			path = Navigation;
			sourceTree = "<group>";
		};
		B37D14AE29C9DDDE00BA4E39 /* Utils */ = {
			isa = PBXGroup;
			children = (
				4C4F28DB2C198118005B23A7 /* DefaultColors.swift */,
				4CF2B21A2B5817DB00A1A646 /* Components */,
			);
			path = Utils;
			sourceTree = "<group>";
		};
		B37D14BF29C9E68100BA4E39 /* Authentication */ = {
			isa = PBXGroup;
			children = (
				B37D14C229C9E6A600BA4E39 /* AuthenticationViewModel.swift */,
				B37D14C429C9E78800BA4E39 /* AuthenticationView.swift */,
			);
			path = Authentication;
			sourceTree = "<group>";
		};
		B37D14CF29C9EE8600BA4E39 /* DependencyInjection */ = {
			isa = PBXGroup;
			children = (
				B37D14D029C9EF1800BA4E39 /* Resolver.swift */,
			);
			path = DependencyInjection;
			sourceTree = "<group>";
		};
		B3C259D529C89DEC000956A4 /* Onboarding */ = {
			isa = PBXGroup;
			children = (
				B3C259D629C89E0C000956A4 /* Screens */,
				B5183E2329F006BB0097363D /* OnBoardingCarousel.swift */,
			);
			path = Onboarding;
			sourceTree = "<group>";
		};
		B3C259D629C89E0C000956A4 /* Screens */ = {
			isa = PBXGroup;
			children = (
				4C5482692B7CC278005F9C96 /* SplashScreen.storyboard */,
				B5183E2B29F00A470097363D /* OnBoarding.swift */,
			);
			path = Screens;
			sourceTree = "<group>";
		};
		B3EB523B2A1676EB0008144D /* Fonts */ = {
			isa = PBXGroup;
			children = (
				B3EB523D2A16797A0008144D /* ibmplexmono_regular.ttf */,
			);
			name = Fonts;
			path = iosApp/Fonts;
			sourceTree = SOURCE_ROOT;
		};
		D738931310F9E4C64175BB2A /* Pods */ = {
			isa = PBXGroup;
			children = (
				3B30F3472A407C2FDF9E352A /* Pods-iosApp.debug.xcconfig */,
				991E06386507F475A6174EF6 /* Pods-iosApp.release.xcconfig */,
			);
			path = Pods;
			sourceTree = "<group>";
		};
/* End PBXGroup section */

/* Begin PBXNativeTarget section */
		7555FF7A242A565900829871 /* iosApp */ = {
			isa = PBXNativeTarget;
			buildConfigurationList = 7555FFA5242A565B00829871 /* Build configuration list for PBXNativeTarget "iosApp" */;
			buildPhases = (
				5CC19608603597DC2A4DABAA /* [CP] Check Pods Manifest.lock */,
				7555FF77242A565900829871 /* Sources */,
				7555FF79242A565900829871 /* Resources */,
				7555FF78242A565900829871 /* Frameworks */,
				1BB3D56A87AD70A49EE5AF11 /* [CP] Embed Pods Frameworks */,
			);
			buildRules = (
			);
			dependencies = (
			);
			name = iosApp;
			packageProductDependencies = (
				B3665DC829CA08990014CEF8 /* Resolver */,
				E68C571F2A1647F100700000 /* FirebaseMessaging */,
				4C76217C2B8F260800023C0A /* DetailPage */,
				4C76217E2B8F260800023C0A /* Image Caching */,
				4C7621802B8F260800023C0A /* SearchableList */,
				4C7621822B8F260800023C0A /* UiComponents */,
				4CC4AC3D2B988DAD00D692D0 /* App Store Features */,
				4CC4AC3F2B988DAD00D692D0 /* Connectivity Utils */,
				4CB16EBD2B9A06FC007805FC /* App Store Features */,
				4CB16EBF2B9A06FC007805FC /* Connectivity Utils */,
				4CB16EC12B9A06FC007805FC /* ios-project-startup */,
			);
			productName = iosApp;
			productReference = 7555FF7B242A565900829871 /* Convenire.app */;
			productType = "com.apple.product-type.application";
		};
/* End PBXNativeTarget section */

/* Begin PBXProject section */
		7555FF73242A565900829871 /* Project object */ = {
			isa = PBXProject;
			attributes = {
				LastSwiftUpdateCheck = 1130;
				LastUpgradeCheck = 1130;
				ORGANIZATIONNAME = tomorrowSARL;
				TargetAttributes = {
					7555FF7A242A565900829871 = {
						CreatedOnToolsVersion = 11.3.1;
					};
				};
			};
			buildConfigurationList = 7555FF76242A565900829871 /* Build configuration list for PBXProject "iosApp" */;
			compatibilityVersion = "Xcode 9.3";
			developmentRegion = en;
			hasScannedForEncodings = 0;
			knownRegions = (
				en,
				Base,
			);
			mainGroup = 7555FF72242A565900829871;
			packageReferences = (
				B3665DC729CA08990014CEF8 /* XCRemoteSwiftPackageReference "Resolver" */,
				E68C571E2A1647F100700000 /* XCRemoteSwiftPackageReference "firebase-ios-sdk" */,
				4CC42B022B877A0C00DA2F6C /* XCRemoteSwiftPackageReference "ios-ui-component" */,
				4CC4AC3C2B988DAD00D692D0 /* XCRemoteSwiftPackageReference "ios-project-startup" */,
			);
			productRefGroup = 7555FF7C242A565900829871 /* Products */;
			projectDirPath = "";
			projectRoot = "";
			targets = (
				7555FF7A242A565900829871 /* iosApp */,
			);
		};
/* End PBXProject section */

/* Begin PBXResourcesBuildPhase section */
		7555FF79242A565900829871 /* Resources */ = {
			isa = PBXResourcesBuildPhase;
			buildActionMask = 2147483647;
			files = (
				B3EB523E2A16797A0008144D /* ibmplexmono_regular.ttf in Resources */,
				4CF226EA2ACAEA200044F623 /* HomePage.storyboard in Resources */,
				058557D9273AAEEB004C7B11 /* Preview Assets.xcassets in Resources */,
				058557BB273AAA24004C7B11 /* Assets.xcassets in Resources */,
				4C9902332B459C5800F70B15 /* GoogleService-Info.plist in Resources */,
				4C54826A2B7CC278005F9C96 /* SplashScreen.storyboard in Resources */,
			);
			runOnlyForDeploymentPostprocessing = 0;
		};
/* End PBXResourcesBuildPhase section */

/* Begin PBXShellScriptBuildPhase section */
		1BB3D56A87AD70A49EE5AF11 /* [CP] Embed Pods Frameworks */ = {
			isa = PBXShellScriptBuildPhase;
			buildActionMask = 2147483647;
			files = (
			);
			inputFileListPaths = (
				"${PODS_ROOT}/Target Support Files/Pods-iosApp/Pods-iosApp-frameworks-${CONFIGURATION}-input-files.xcfilelist",
			);
			name = "[CP] Embed Pods Frameworks";
			outputFileListPaths = (
				"${PODS_ROOT}/Target Support Files/Pods-iosApp/Pods-iosApp-frameworks-${CONFIGURATION}-output-files.xcfilelist",
			);
			runOnlyForDeploymentPostprocessing = 0;
			shellPath = /bin/sh;
			shellScript = "\"${PODS_ROOT}/Target Support Files/Pods-iosApp/Pods-iosApp-frameworks.sh\"\n";
			showEnvVarsInLog = 0;
		};
		5CC19608603597DC2A4DABAA /* [CP] Check Pods Manifest.lock */ = {
			isa = PBXShellScriptBuildPhase;
			buildActionMask = 2147483647;
			files = (
			);
			inputFileListPaths = (
			);
			inputPaths = (
				"${PODS_PODFILE_DIR_PATH}/Podfile.lock",
				"${PODS_ROOT}/Manifest.lock",
			);
			name = "[CP] Check Pods Manifest.lock";
			outputFileListPaths = (
			);
			outputPaths = (
				"$(DERIVED_FILE_DIR)/Pods-iosApp-checkManifestLockResult.txt",
			);
			runOnlyForDeploymentPostprocessing = 0;
			shellPath = /bin/sh;
			shellScript = "diff \"${PODS_PODFILE_DIR_PATH}/Podfile.lock\" \"${PODS_ROOT}/Manifest.lock\" > /dev/null\nif [ $? != 0 ] ; then\n    # print error to STDERR\n    echo \"error: The sandbox is not in sync with the Podfile.lock. Run 'pod install' or update your CocoaPods installation.\" >&2\n    exit 1\nfi\n# This output is used by Xcode 'outputs' to avoid re-running this script phase.\necho \"SUCCESS\" > \"${SCRIPT_OUTPUT_FILE_0}\"\n";
			showEnvVarsInLog = 0;
		};
/* End PBXShellScriptBuildPhase section */

/* Begin PBXSourcesBuildPhase section */
		7555FF77242A565900829871 /* Sources */ = {
			isa = PBXSourcesBuildPhase;
			buildActionMask = 2147483647;
			files = (
				4CF226D02ACAD9180044F623 /* ActionButtons.swift in Sources */,
				B5183E2C29F00A470097363D /* OnBoarding.swift in Sources */,
				B3E86FC52A1B7A4E00E65E9F /* DeepLinkingViewModel.swift in Sources */,
				4CF226E92ACAEA200044F623 /* AnotherPage.swift in Sources */,
				B37D14C329C9E6A600BA4E39 /* AuthenticationViewModel.swift in Sources */,
				2152FB042600AC8F00CF470E /* iOSApp.swift in Sources */,
				4CF226ED2ACAEA200044F623 /* HomePageTabBarController.swift in Sources */,
				4C4F28DC2C198119005B23A7 /* DefaultColors.swift in Sources */,
				4CF226EE2ACAEA200044F623 /* TabView.swift in Sources */,
				4CF226F02ACB17860044F623 /* NavigateTo.swift in Sources */,
				4CF226E62ACAEA200044F623 /* HomePage.swift in Sources */,
				7555FF83242A565900829871 /* ContentView.swift in Sources */,
				B5183E2429F006BB0097363D /* OnBoardingCarousel.swift in Sources */,
				B3280CD12A1B715F00D4540A /* NavigationViewModel.swift in Sources */,
				B37D14D129C9EF1800BA4E39 /* Resolver.swift in Sources */,
				E6C4A9092A16557000E836F1 /* AppDelegate.swift in Sources */,
				B37D14C529C9E78800BA4E39 /* AuthenticationView.swift in Sources */,
				B3280CCF2A1B715200D4540A /* NavigationPages.swift in Sources */,
			);
			runOnlyForDeploymentPostprocessing = 0;
		};
/* End PBXSourcesBuildPhase section */

/* Begin XCBuildConfiguration section */
		7555FFA3242A565B00829871 /* Debug */ = {
			isa = XCBuildConfiguration;
			buildSettings = {
				ALWAYS_SEARCH_USER_PATHS = NO;
				CLANG_ANALYZER_NONNULL = YES;
				CLANG_ANALYZER_NUMBER_OBJECT_CONVERSION = YES_AGGRESSIVE;
				CLANG_CXX_LANGUAGE_STANDARD = "gnu++14";
				CLANG_CXX_LIBRARY = "libc++";
				CLANG_ENABLE_MODULES = YES;
				CLANG_ENABLE_OBJC_ARC = YES;
				CLANG_ENABLE_OBJC_WEAK = YES;
				CLANG_WARN_BLOCK_CAPTURE_AUTORELEASING = YES;
				CLANG_WARN_BOOL_CONVERSION = YES;
				CLANG_WARN_COMMA = YES;
				CLANG_WARN_CONSTANT_CONVERSION = YES;
				CLANG_WARN_DEPRECATED_OBJC_IMPLEMENTATIONS = YES;
				CLANG_WARN_DIRECT_OBJC_ISA_USAGE = YES_ERROR;
				CLANG_WARN_DOCUMENTATION_COMMENTS = YES;
				CLANG_WARN_EMPTY_BODY = YES;
				CLANG_WARN_ENUM_CONVERSION = YES;
				CLANG_WARN_INFINITE_RECURSION = YES;
				CLANG_WARN_INT_CONVERSION = YES;
				CLANG_WARN_NON_LITERAL_NULL_CONVERSION = YES;
				CLANG_WARN_OBJC_IMPLICIT_RETAIN_SELF = YES;
				CLANG_WARN_OBJC_LITERAL_CONVERSION = YES;
				CLANG_WARN_OBJC_ROOT_CLASS = YES_ERROR;
				CLANG_WARN_QUOTED_INCLUDE_IN_FRAMEWORK_HEADER = YES;
				CLANG_WARN_RANGE_LOOP_ANALYSIS = YES;
				CLANG_WARN_STRICT_PROTOTYPES = YES;
				CLANG_WARN_SUSPICIOUS_MOVE = YES;
				CLANG_WARN_UNGUARDED_AVAILABILITY = YES_AGGRESSIVE;
				CLANG_WARN_UNREACHABLE_CODE = YES;
				CLANG_WARN__DUPLICATE_METHOD_MATCH = YES;
				COPY_PHASE_STRIP = NO;
				DEBUG_INFORMATION_FORMAT = "dwarf-with-dsym";
				ENABLE_STRICT_OBJC_MSGSEND = YES;
				ENABLE_TESTABILITY = YES;
				GCC_C_LANGUAGE_STANDARD = gnu11;
				GCC_DYNAMIC_NO_PIC = NO;
				GCC_NO_COMMON_BLOCKS = YES;
				GCC_OPTIMIZATION_LEVEL = 0;
				GCC_PREPROCESSOR_DEFINITIONS = (
					"DEBUG=1",
					"$(inherited)",
				);
				GCC_WARN_64_TO_32_BIT_CONVERSION = YES;
				GCC_WARN_ABOUT_RETURN_TYPE = YES_ERROR;
				GCC_WARN_UNDECLARED_SELECTOR = YES;
				GCC_WARN_UNINITIALIZED_AUTOS = YES_AGGRESSIVE;
				GCC_WARN_UNUSED_FUNCTION = YES;
				GCC_WARN_UNUSED_VARIABLE = YES;
				IPHONEOS_DEPLOYMENT_TARGET = 15.0;
				MTL_ENABLE_DEBUG_INFO = INCLUDE_SOURCE;
				MTL_FAST_MATH = YES;
				ONLY_ACTIVE_ARCH = YES;
				SDKROOT = iphoneos;
				SWIFT_ACTIVE_COMPILATION_CONDITIONS = DEBUG;
				SWIFT_OPTIMIZATION_LEVEL = "-Onone";
			};
			name = Debug;
		};
		7555FFA4242A565B00829871 /* Release */ = {
			isa = XCBuildConfiguration;
			buildSettings = {
				ALWAYS_SEARCH_USER_PATHS = NO;
				CLANG_ANALYZER_NONNULL = YES;
				CLANG_ANALYZER_NUMBER_OBJECT_CONVERSION = YES_AGGRESSIVE;
				CLANG_CXX_LANGUAGE_STANDARD = "gnu++14";
				CLANG_CXX_LIBRARY = "libc++";
				CLANG_ENABLE_MODULES = YES;
				CLANG_ENABLE_OBJC_ARC = YES;
				CLANG_ENABLE_OBJC_WEAK = YES;
				CLANG_WARN_BLOCK_CAPTURE_AUTORELEASING = YES;
				CLANG_WARN_BOOL_CONVERSION = YES;
				CLANG_WARN_COMMA = YES;
				CLANG_WARN_CONSTANT_CONVERSION = YES;
				CLANG_WARN_DEPRECATED_OBJC_IMPLEMENTATIONS = YES;
				CLANG_WARN_DIRECT_OBJC_ISA_USAGE = YES_ERROR;
				CLANG_WARN_DOCUMENTATION_COMMENTS = YES;
				CLANG_WARN_EMPTY_BODY = YES;
				CLANG_WARN_ENUM_CONVERSION = YES;
				CLANG_WARN_INFINITE_RECURSION = YES;
				CLANG_WARN_INT_CONVERSION = YES;
				CLANG_WARN_NON_LITERAL_NULL_CONVERSION = YES;
				CLANG_WARN_OBJC_IMPLICIT_RETAIN_SELF = YES;
				CLANG_WARN_OBJC_LITERAL_CONVERSION = YES;
				CLANG_WARN_OBJC_ROOT_CLASS = YES_ERROR;
				CLANG_WARN_QUOTED_INCLUDE_IN_FRAMEWORK_HEADER = YES;
				CLANG_WARN_RANGE_LOOP_ANALYSIS = YES;
				CLANG_WARN_STRICT_PROTOTYPES = YES;
				CLANG_WARN_SUSPICIOUS_MOVE = YES;
				CLANG_WARN_UNGUARDED_AVAILABILITY = YES_AGGRESSIVE;
				CLANG_WARN_UNREACHABLE_CODE = YES;
				CLANG_WARN__DUPLICATE_METHOD_MATCH = YES;
				COPY_PHASE_STRIP = NO;
				DEBUG_INFORMATION_FORMAT = "dwarf-with-dsym";
				ENABLE_NS_ASSERTIONS = NO;
				ENABLE_STRICT_OBJC_MSGSEND = YES;
				GCC_C_LANGUAGE_STANDARD = gnu11;
				GCC_NO_COMMON_BLOCKS = YES;
				GCC_WARN_64_TO_32_BIT_CONVERSION = YES;
				GCC_WARN_ABOUT_RETURN_TYPE = YES_ERROR;
				GCC_WARN_UNDECLARED_SELECTOR = YES;
				GCC_WARN_UNINITIALIZED_AUTOS = YES_AGGRESSIVE;
				GCC_WARN_UNUSED_FUNCTION = YES;
				GCC_WARN_UNUSED_VARIABLE = YES;
				IPHONEOS_DEPLOYMENT_TARGET = 15.0;
				MTL_ENABLE_DEBUG_INFO = NO;
				MTL_FAST_MATH = YES;
				SDKROOT = iphoneos;
				SWIFT_COMPILATION_MODE = wholemodule;
				SWIFT_OPTIMIZATION_LEVEL = "-O";
				VALIDATE_PRODUCT = YES;
			};
			name = Release;
		};
		7555FFA6242A565B00829871 /* Debug */ = {
			isa = XCBuildConfiguration;
			baseConfigurationReference = 3B30F3472A407C2FDF9E352A /* Pods-iosApp.debug.xcconfig */;
			buildSettings = {
				ASSETCATALOG_COMPILER_APPICON_NAME = AppIcon;
				ASSETCATALOG_COMPILER_INCLUDE_ALL_APPICON_ASSETS = NO;
				CODE_SIGN_ENTITLEMENTS = iosApp/iosApp.entitlements;
				CODE_SIGN_STYLE = Automatic;
				CURRENT_PROJECT_VERSION = 17;
				DEVELOPMENT_ASSET_PATHS = "\"iosApp/Preview Content\"";
				DEVELOPMENT_TEAM = 33TJNDCEA8;
				ENABLE_PREVIEWS = YES;
				INFOPLIST_FILE = iosApp/Info.plist;
				INFOPLIST_KEY_CFBundleDisplayName = convenire;
				INFOPLIST_KEY_LSApplicationCategoryType = "public.app-category.education";
				INFOPLIST_KEY_UILaunchScreen_Generation = NO;
				IPHONEOS_DEPLOYMENT_TARGET = 15.0;
				LD_RUNPATH_SEARCH_PATHS = (
					"$(inherited)",
					"@executable_path/Frameworks",
				);
				MARKETING_VERSION = 1.2.11;
				PRODUCT_BUNDLE_IDENTIFIER = com.tomorrow.convenire;
				PRODUCT_NAME = Convenire;
				SUPPORTED_PLATFORMS = "iphoneos iphonesimulator";
				SUPPORTS_MACCATALYST = NO;
				SUPPORTS_MAC_DESIGNED_FOR_IPHONE_IPAD = NO;
				SWIFT_VERSION = 5.0;
				TARGETED_DEVICE_FAMILY = 1;
			};
			name = Debug;
		};
		7555FFA7242A565B00829871 /* Release */ = {
			isa = XCBuildConfiguration;
			baseConfigurationReference = 991E06386507F475A6174EF6 /* Pods-iosApp.release.xcconfig */;
			buildSettings = {
				ASSETCATALOG_COMPILER_APPICON_NAME = AppIcon;
				ASSETCATALOG_COMPILER_INCLUDE_ALL_APPICON_ASSETS = NO;
				CODE_SIGN_ENTITLEMENTS = iosApp/iosApp.entitlements;
				CODE_SIGN_STYLE = Automatic;
				CURRENT_PROJECT_VERSION = 17;
				DEVELOPMENT_ASSET_PATHS = "\"iosApp/Preview Content\"";
				DEVELOPMENT_TEAM = 33TJNDCEA8;
				ENABLE_PREVIEWS = YES;
				INFOPLIST_FILE = iosApp/Info.plist;
				INFOPLIST_KEY_CFBundleDisplayName = convenire;
				INFOPLIST_KEY_LSApplicationCategoryType = "public.app-category.education";
				INFOPLIST_KEY_UILaunchScreen_Generation = NO;
				IPHONEOS_DEPLOYMENT_TARGET = 15.0;
				LD_RUNPATH_SEARCH_PATHS = (
					"$(inherited)",
					"@executable_path/Frameworks",
				);
				MARKETING_VERSION = 1.2.11;
				PRODUCT_BUNDLE_IDENTIFIER = com.tomorrow.convenire;
				PRODUCT_NAME = Convenire;
				SUPPORTED_PLATFORMS = "iphoneos iphonesimulator";
				SUPPORTS_MACCATALYST = NO;
				SUPPORTS_MAC_DESIGNED_FOR_IPHONE_IPAD = NO;
				SWIFT_VERSION = 5.0;
				TARGETED_DEVICE_FAMILY = 1;
			};
			name = Release;
		};
/* End XCBuildConfiguration section */

/* Begin XCConfigurationList section */
		7555FF76242A565900829871 /* Build configuration list for PBXProject "iosApp" */ = {
			isa = XCConfigurationList;
			buildConfigurations = (
				7555FFA3242A565B00829871 /* Debug */,
				7555FFA4242A565B00829871 /* Release */,
			);
			defaultConfigurationIsVisible = 0;
			defaultConfigurationName = Release;
		};
		7555FFA5242A565B00829871 /* Build configuration list for PBXNativeTarget "iosApp" */ = {
			isa = XCConfigurationList;
			buildConfigurations = (
				7555FFA6242A565B00829871 /* Debug */,
				7555FFA7242A565B00829871 /* Release */,
			);
			defaultConfigurationIsVisible = 0;
			defaultConfigurationName = Release;
		};
/* End XCConfigurationList section */

/* Begin XCRemoteSwiftPackageReference section */
		4CC42B022B877A0C00DA2F6C /* XCRemoteSwiftPackageReference "ios-ui-component" */ = {
			isa = XCRemoteSwiftPackageReference;
			repositoryURL = "https://Marc_Jalkh@bitbucket.org/tomorrow-services/ios-ui-component.git";
			requirement = {
				branch = "feature/page-header";
				kind = branch;
			};
		};
		4CC4AC3C2B988DAD00D692D0 /* XCRemoteSwiftPackageReference "ios-project-startup" */ = {
			isa = XCRemoteSwiftPackageReference;
			repositoryURL = "https://Marc_Jalkh@bitbucket.org/tomorrow-services/ios-project-startup.git";
			requirement = {
				branch = master;
				kind = branch;
			};
		};
		B3665DC729CA08990014CEF8 /* XCRemoteSwiftPackageReference "Resolver" */ = {
			isa = XCRemoteSwiftPackageReference;
			repositoryURL = "https://github.com/hmlongco/Resolver.git";
			requirement = {
				branch = master;
				kind = branch;
			};
		};
		E68C571E2A1647F100700000 /* XCRemoteSwiftPackageReference "firebase-ios-sdk" */ = {
			isa = XCRemoteSwiftPackageReference;
			repositoryURL = "https://github.com/firebase/firebase-ios-sdk";
			requirement = {
				kind = upToNextMajorVersion;
				minimumVersion = 9.0.0;
			};
		};
/* End XCRemoteSwiftPackageReference section */

/* Begin XCSwiftPackageProductDependency section */
		4C76217C2B8F260800023C0A /* DetailPage */ = {
			isa = XCSwiftPackageProductDependency;
			package = 4CC42B022B877A0C00DA2F6C /* XCRemoteSwiftPackageReference "ios-ui-component" */;
			productName = DetailPage;
		};
		4C76217E2B8F260800023C0A /* Image Caching */ = {
			isa = XCSwiftPackageProductDependency;
			package = 4CC42B022B877A0C00DA2F6C /* XCRemoteSwiftPackageReference "ios-ui-component" */;
			productName = "Image Caching";
		};
		4C7621802B8F260800023C0A /* SearchableList */ = {
			isa = XCSwiftPackageProductDependency;
			package = 4CC42B022B877A0C00DA2F6C /* XCRemoteSwiftPackageReference "ios-ui-component" */;
			productName = SearchableList;
		};
		4C7621822B8F260800023C0A /* UiComponents */ = {
			isa = XCSwiftPackageProductDependency;
			package = 4CC42B022B877A0C00DA2F6C /* XCRemoteSwiftPackageReference "ios-ui-component" */;
			productName = UiComponents;
		};
		4CB16EBD2B9A06FC007805FC /* App Store Features */ = {
			isa = XCSwiftPackageProductDependency;
			package = 4CC4AC3C2B988DAD00D692D0 /* XCRemoteSwiftPackageReference "ios-project-startup" */;
			productName = "App Store Features";
		};
		4CB16EBF2B9A06FC007805FC /* Connectivity Utils */ = {
			isa = XCSwiftPackageProductDependency;
			package = 4CC4AC3C2B988DAD00D692D0 /* XCRemoteSwiftPackageReference "ios-project-startup" */;
			productName = "Connectivity Utils";
		};
		4CB16EC12B9A06FC007805FC /* ios-project-startup */ = {
			isa = XCSwiftPackageProductDependency;
			package = 4CC4AC3C2B988DAD00D692D0 /* XCRemoteSwiftPackageReference "ios-project-startup" */;
			productName = "ios-project-startup";
		};
		4CC4AC3D2B988DAD00D692D0 /* App Store Features */ = {
			isa = XCSwiftPackageProductDependency;
			package = 4CC4AC3C2B988DAD00D692D0 /* XCRemoteSwiftPackageReference "ios-project-startup" */;
			productName = "App Store Features";
		};
		4CC4AC3F2B988DAD00D692D0 /* Connectivity Utils */ = {
			isa = XCSwiftPackageProductDependency;
			package = 4CC4AC3C2B988DAD00D692D0 /* XCRemoteSwiftPackageReference "ios-project-startup" */;
			productName = "Connectivity Utils";
		};
		B3665DC829CA08990014CEF8 /* Resolver */ = {
			isa = XCSwiftPackageProductDependency;
			package = B3665DC729CA08990014CEF8 /* XCRemoteSwiftPackageReference "Resolver" */;
			productName = Resolver;
		};
		E68C571F2A1647F100700000 /* FirebaseMessaging */ = {
			isa = XCSwiftPackageProductDependency;
			package = E68C571E2A1647F100700000 /* XCRemoteSwiftPackageReference "firebase-ios-sdk" */;
			productName = FirebaseMessaging;
		};
/* End XCSwiftPackageProductDependency section */
	};
	rootObject = 7555FF73242A565900829871 /* Project object */;
}
